{
  "name": "Mega files Organizer ",  // Replace with your actual app name
  "version": "1.0.0",       // Replace with your actual app version
  "lockfileVersion": 2,     // Lockfile version
  "dependencies": {
    "express": {
      "version": "^4.17.1",  // Version of the dependency
      "resolved": "https://registry.npmjs.org/express/-/express-4.17.1.tgz",  // URL to the package tarball
      "integrity": "sha512-<hash>",  // Replace <hash> with the actual integrity hash from npm
      "dev": false            // Indicates if this is a dev dependency
    },
    "body-parser": {
      "version": "^1.19.0",
      "resolved": "https://registry.npmjs.org/body-parser/-/body-parser-1.19.0.tgz",
      "integrity": "sha512-<hash>",
      "dev": false
    }
    // Add other dependencies here in a similar format
  }
}